
Microsoft Visual Studio Solution File, Format Version 12.00
# Visual Studio 15
VisualStudioVersion = 15.0.28307.421
MinimumVisualStudioVersion = 10.0.40219.1
Project("{FAE04EC0-301F-11D3-BF4B-00C04F79EFBC}") = "Exchange Activities", "ExchangeActivitiesLibrary\Exchange Activities.csproj", "{D5DCC2FF-A909-4C42-BE50-39E2EBC42860}"
EndProject
Global
	GlobalSection(SolutionConfigurationPlatforms) = preSolution
		Debug|Any CPU = Debug|Any CPU
		Release|Any CPU = Release|Any CPU
	EndGlobalSection
	GlobalSection(ProjectConfigurationPlatforms) = postSolution
		{D5DCC2FF-A909-4C42-BE50-39E2EBC42860}.Debug|Any CPU.ActiveCfg = Debug|Any CPU
		{D5DCC2FF-A909-4C42-BE50-39E2EBC42860}.Debug|Any CPU.Build.0 = Debug|Any CPU
		{D5DCC2FF-A909-4C42-BE50-39E2EBC42860}.Release|Any CPU.ActiveCfg = Release|Any CPU
		{D5DCC2FF-A909-4C42-BE50-39E2EBC42860}.Release|Any CPU.Build.0 = Release|Any CPU
	EndGlobalSection
	GlobalSection(SolutionProperties) = preSolution
		HideSolutionNode = FALSE
	EndGlobalSection
	GlobalSection(ExtensibilityGlobals) = postSolution
		SolutionGuid = {CAB3BE15-2B6A-47F1-A72B-F02857316A1F}
	EndGlobalSection
EndGlobal
